
Microsoft Visual Studio Solution File, Format Version 12.00
# Visual Studio Version 16
VisualStudioVersion = 16.0.29123.88
MinimumVisualStudioVersion = 10.0.40219.1
Project("{2150E333-8FDC-42A3-9474-1A3956D46DE8}") = "src", "src", "{E5A325B5-16AE-43C9-8244-2929B978545D}"
EndProject
Project("{2150E333-8FDC-42A3-9474-1A3956D46DE8}") = "tests", "tests", "{282D50FD-0D00-4EFF-87E4-447D21A494F3}"
EndProject
Project("{2150E333-8FDC-42A3-9474-1A3956D46DE8}") = "benchmarks", "benchmarks", "{354A3E14-3D4A-4582-A75C-B436499F711D}"
EndProject
Project("{2150E333-8FDC-42A3-9474-1A3956D46DE8}") = "samples", "samples", "{363EA382-9301-4497-B3EF-2036C7E5C79F}"
EndProject
Project("{9A19103F-16F7-4668-BE54-9A1E7A4F7556}") = "yae.Framing", "src\yae.Framing\yae.Framing.csproj", "{8FDFF46B-D885-47D6-85AA-9767CC121BEB}"
EndProject
Project("{9A19103F-16F7-4668-BE54-9A1E7A4F7556}") = "yae.Framing.Tests", "tests\yae.Framing.Tests\yae.Framing.Tests.csproj", "{C69EA15B-058A-4DE6-A646-5758C844F1F9}"
EndProject
Project("{9A19103F-16F7-4668-BE54-9A1E7A4F7556}") = "yae.Framing.Sample", "samples\yae.Framing.Sample\yae.Framing.Sample.csproj", "{A7AF085B-70BF-48B1-95AA-CA4E55A4D504}"
EndProject
Project("{9A19103F-16F7-4668-BE54-9A1E7A4F7556}") = "yae.Framing.Server", "samples\yae.Framing.Server\yae.Framing.Server.csproj", "{D3FDA47A-20E6-4DDD-AA5A-EE6E35008F0B}"
EndProject
Project("{9A19103F-16F7-4668-BE54-9A1E7A4F7556}") = "yae.Framing.Client", "samples\yae.Framing.Client\yae.Framing.Client.csproj", "{5E6B5A35-8327-4D13-8277-1E98801F7235}"
EndProject
Project("{FAE04EC0-301F-11D3-BF4B-00C04F79EFBC}") = "yae.Binary", "src\yae.Binary\yae.Binary.csproj", "{5F9E602F-8D6B-475F-AF8D-E0EB91B8BC3C}"
EndProject
Project("{FAE04EC0-301F-11D3-BF4B-00C04F79EFBC}") = "yae.Memory", "src\yae.Memory\yae.Memory.csproj", "{E2E2ADA5-48A4-455B-A28F-CF569A3DF661}"
EndProject
Global
	GlobalSection(SolutionConfigurationPlatforms) = preSolution
		Debug|Any CPU = Debug|Any CPU
		Release|Any CPU = Release|Any CPU
	EndGlobalSection
	GlobalSection(ProjectConfigurationPlatforms) = postSolution
		{8FDFF46B-D885-47D6-85AA-9767CC121BEB}.Debug|Any CPU.ActiveCfg = Debug|Any CPU
		{8FDFF46B-D885-47D6-85AA-9767CC121BEB}.Debug|Any CPU.Build.0 = Debug|Any CPU
		{8FDFF46B-D885-47D6-85AA-9767CC121BEB}.Release|Any CPU.ActiveCfg = Release|Any CPU
		{8FDFF46B-D885-47D6-85AA-9767CC121BEB}.Release|Any CPU.Build.0 = Release|Any CPU
		{C69EA15B-058A-4DE6-A646-5758C844F1F9}.Debug|Any CPU.ActiveCfg = Debug|Any CPU
		{C69EA15B-058A-4DE6-A646-5758C844F1F9}.Debug|Any CPU.Build.0 = Debug|Any CPU
		{C69EA15B-058A-4DE6-A646-5758C844F1F9}.Release|Any CPU.ActiveCfg = Release|Any CPU
		{C69EA15B-058A-4DE6-A646-5758C844F1F9}.Release|Any CPU.Build.0 = Release|Any CPU
		{A7AF085B-70BF-48B1-95AA-CA4E55A4D504}.Debug|Any CPU.ActiveCfg = Debug|Any CPU
		{A7AF085B-70BF-48B1-95AA-CA4E55A4D504}.Debug|Any CPU.Build.0 = Debug|Any CPU
		{A7AF085B-70BF-48B1-95AA-CA4E55A4D504}.Release|Any CPU.ActiveCfg = Release|Any CPU
		{A7AF085B-70BF-48B1-95AA-CA4E55A4D504}.Release|Any CPU.Build.0 = Release|Any CPU
		{D3FDA47A-20E6-4DDD-AA5A-EE6E35008F0B}.Debug|Any CPU.ActiveCfg = Debug|Any CPU
		{D3FDA47A-20E6-4DDD-AA5A-EE6E35008F0B}.Debug|Any CPU.Build.0 = Debug|Any CPU
		{D3FDA47A-20E6-4DDD-AA5A-EE6E35008F0B}.Release|Any CPU.ActiveCfg = Release|Any CPU
		{D3FDA47A-20E6-4DDD-AA5A-EE6E35008F0B}.Release|Any CPU.Build.0 = Release|Any CPU
		{5E6B5A35-8327-4D13-8277-1E98801F7235}.Debug|Any CPU.ActiveCfg = Debug|Any CPU
		{5E6B5A35-8327-4D13-8277-1E98801F7235}.Debug|Any CPU.Build.0 = Debug|Any CPU
		{5E6B5A35-8327-4D13-8277-1E98801F7235}.Release|Any CPU.ActiveCfg = Release|Any CPU
		{5E6B5A35-8327-4D13-8277-1E98801F7235}.Release|Any CPU.Build.0 = Release|Any CPU
		{5F9E602F-8D6B-475F-AF8D-E0EB91B8BC3C}.Debug|Any CPU.ActiveCfg = Debug|Any CPU
		{5F9E602F-8D6B-475F-AF8D-E0EB91B8BC3C}.Debug|Any CPU.Build.0 = Debug|Any CPU
		{5F9E602F-8D6B-475F-AF8D-E0EB91B8BC3C}.Release|Any CPU.ActiveCfg = Release|Any CPU
		{5F9E602F-8D6B-475F-AF8D-E0EB91B8BC3C}.Release|Any CPU.Build.0 = Release|Any CPU
		{E2E2ADA5-48A4-455B-A28F-CF569A3DF661}.Debug|Any CPU.ActiveCfg = Debug|Any CPU
		{E2E2ADA5-48A4-455B-A28F-CF569A3DF661}.Debug|Any CPU.Build.0 = Debug|Any CPU
		{E2E2ADA5-48A4-455B-A28F-CF569A3DF661}.Release|Any CPU.ActiveCfg = Release|Any CPU
		{E2E2ADA5-48A4-455B-A28F-CF569A3DF661}.Release|Any CPU.Build.0 = Release|Any CPU
	EndGlobalSection
	GlobalSection(SolutionProperties) = preSolution
		HideSolutionNode = FALSE
	EndGlobalSection
	GlobalSection(NestedProjects) = preSolution
		{8FDFF46B-D885-47D6-85AA-9767CC121BEB} = {E5A325B5-16AE-43C9-8244-2929B978545D}
		{C69EA15B-058A-4DE6-A646-5758C844F1F9} = {282D50FD-0D00-4EFF-87E4-447D21A494F3}
		{A7AF085B-70BF-48B1-95AA-CA4E55A4D504} = {363EA382-9301-4497-B3EF-2036C7E5C79F}
		{D3FDA47A-20E6-4DDD-AA5A-EE6E35008F0B} = {363EA382-9301-4497-B3EF-2036C7E5C79F}
		{5E6B5A35-8327-4D13-8277-1E98801F7235} = {363EA382-9301-4497-B3EF-2036C7E5C79F}
		{5F9E602F-8D6B-475F-AF8D-E0EB91B8BC3C} = {E5A325B5-16AE-43C9-8244-2929B978545D}
		{E2E2ADA5-48A4-455B-A28F-CF569A3DF661} = {E5A325B5-16AE-43C9-8244-2929B978545D}
	EndGlobalSection
	GlobalSection(ExtensibilityGlobals) = postSolution
		SolutionGuid = {A177D3CD-3E0F-44CF-95EE-D59101C5055F}
	EndGlobalSection
EndGlobal
